// !$*UTF8*$!
{
	archiveVersion = 1;
	classes = {
	};
	objectVersion = 77;
	objects = {

/* Begin PBXBuildFile section */
		98A0AE032DADF8FC00A0E3BD /* ComposableArchitecture in Frameworks */ = {isa = PBXBuildFile; productRef = 98A0AE022DADF8FC00A0E3BD /* ComposableArchitecture */; };
/* End PBXBuildFile section */

/* Begin PBXContainerItemProxy section */
		98A0AD7C2DADF7DD00A0E3BD /* PBXContainerItemProxy */ = {
			isa = PBXContainerItemProxy;
			containerPortal = 98A0AD5D2DADF7DB00A0E3BD /* Project object */;
			proxyType = 1;
			remoteGlobalIDString = 98A0AD682DADF7DC00A0E3BD;
			remoteInfo = "SilentCue Watch App";
		};
		98A0AD862DADF7DD00A0E3BD /* PBXContainerItemProxy */ = {
			isa = PBXContainerItemProxy;
			containerPortal = 98A0AD5D2DADF7DB00A0E3BD /* Project object */;
			proxyType = 1;
			remoteGlobalIDString = 98A0AD682DADF7DC00A0E3BD;
			remoteInfo = "SilentCue Watch App";
		};
/* End PBXContainerItemProxy section */

/* Begin PBXFileReference section */
		98A0AD692DADF7DC00A0E3BD /* SilentCue Watch App.app */ = {isa = PBXFileReference; explicitFileType = wrapper.application; includeInIndex = 0; path = "SilentCue Watch App.app"; sourceTree = BUILT_PRODUCTS_DIR; };
		98A0AD7B2DADF7DD00A0E3BD /* SilentCue Watch AppTests.xctest */ = {isa = PBXFileReference; explicitFileType = wrapper.cfbundle; includeInIndex = 0; path = "SilentCue Watch AppTests.xctest"; sourceTree = BUILT_PRODUCTS_DIR; };
		98A0AD852DADF7DD00A0E3BD /* SilentCue Watch AppUITests.xctest */ = {isa = PBXFileReference; explicitFileType = wrapper.cfbundle; includeInIndex = 0; path = "SilentCue Watch AppUITests.xctest"; sourceTree = BUILT_PRODUCTS_DIR; };
/* End PBXFileReference section */

/* Begin PBXFileSystemSynchronizedBuildFileExceptionSet section */
		982CB0402DB5B4E7003C9D29 /* Exceptions for "Shared" folder in "SilentCue Watch AppUITests" target */ = {
			isa = PBXFileSystemSynchronizedBuildFileExceptionSet;
			membershipExceptions = (
				SCAccessibilityIdentifiers.swift,
				SCAppEnvironment.swift,
			);
			target = 98A0AD842DADF7DD00A0E3BD /* SilentCue Watch AppUITests */;
		};
		982CB1982DB5F5B1003C9D29 /* Exceptions for "SilentCue Watch App" folder in "SilentCue Watch App" target */ = {
			isa = PBXFileSystemSynchronizedBuildFileExceptionSet;
			membershipExceptions = (
				Dependency/Mock/MockExtendedRuntimeService.swift,
				Dependency/Mock/MockHapticsService.swift,
				Dependency/Mock/MockNotificationService.swift,
				Dependency/Mock/MockUserDefaultsManager.swift,
			);
			target = 98A0AD682DADF7DC00A0E3BD /* SilentCue Watch App */;
		};
		982CB1992DB5F5B1003C9D29 /* Exceptions for "SilentCue Watch App" folder in "SilentCue Watch AppTests" target */ = {
			isa = PBXFileSystemSynchronizedBuildFileExceptionSet;
			membershipExceptions = (
				Dependency/Mock/MockExtendedRuntimeService.swift,
				Dependency/Mock/MockHapticsService.swift,
				Dependency/Mock/MockNotificationService.swift,
				Dependency/Mock/MockUserDefaultsManager.swift,
			);
			target = 98A0AD7A2DADF7DD00A0E3BD /* SilentCue Watch AppTests */;
		};
		982CB19A2DB5F5B1003C9D29 /* Exceptions for "SilentCue Watch App" folder in "SilentCue Watch AppUITests" target */ = {
			isa = PBXFileSystemSynchronizedBuildFileExceptionSet;
			membershipExceptions = (
				Dependency/Mock/MockExtendedRuntimeService.swift,
				Dependency/Mock/MockHapticsService.swift,
				Dependency/Mock/MockNotificationService.swift,
				Dependency/Mock/MockUserDefaultsManager.swift,
			);
			target = 98A0AD842DADF7DD00A0E3BD /* SilentCue Watch AppUITests */;
		};
/* End PBXFileSystemSynchronizedBuildFileExceptionSet section */

/* Begin PBXFileSystemSynchronizedRootGroup section */
		982CB03F2DB5B4D5003C9D29 /* Shared */ = {
			isa = PBXFileSystemSynchronizedRootGroup;
			exceptions = (
				982CB0402DB5B4E7003C9D29 /* Exceptions for "Shared" folder in "SilentCue Watch AppUITests" target */,
			);
			path = Shared;
			sourceTree = "<group>";
		};
		98A0AD6D2DADF7DC00A0E3BD /* SilentCue Watch App */ = {
			isa = PBXFileSystemSynchronizedRootGroup;
			exceptions = (
				982CB1982DB5F5B1003C9D29 /* Exceptions for "SilentCue Watch App" folder in "SilentCue Watch App" target */,
				982CB1992DB5F5B1003C9D29 /* Exceptions for "SilentCue Watch App" folder in "SilentCue Watch AppTests" target */,
				982CB19A2DB5F5B1003C9D29 /* Exceptions for "SilentCue Watch App" folder in "SilentCue Watch AppUITests" target */,
			);
			path = "SilentCue Watch App";
			sourceTree = "<group>";
		};
		98A0AD7E2DADF7DD00A0E3BD /* SilentCue Watch AppTests */ = {
			isa = PBXFileSystemSynchronizedRootGroup;
			path = "SilentCue Watch AppTests";
			sourceTree = "<group>";
		};
		98A0AD882DADF7DD00A0E3BD /* SilentCue Watch AppUITests */ = {
			isa = PBXFileSystemSynchronizedRootGroup;
			path = "SilentCue Watch AppUITests";
			sourceTree = "<group>";
		};
/* End PBXFileSystemSynchronizedRootGroup section */

/* Begin PBXFrameworksBuildPhase section */
		98A0AD662DADF7DC00A0E3BD /* Frameworks */ = {
			isa = PBXFrameworksBuildPhase;
			buildActionMask = 2147483647;
			files = (
				98A0AE032DADF8FC00A0E3BD /* ComposableArchitecture in Frameworks */,
			);
			runOnlyForDeploymentPostprocessing = 0;
		};
		98A0AD782DADF7DD00A0E3BD /* Frameworks */ = {
			isa = PBXFrameworksBuildPhase;
			buildActionMask = 2147483647;
			files = (
			);
			runOnlyForDeploymentPostprocessing = 0;
		};
		98A0AD822DADF7DD00A0E3BD /* Frameworks */ = {
			isa = PBXFrameworksBuildPhase;
			buildActionMask = 2147483647;
			files = (
			);
			runOnlyForDeploymentPostprocessing = 0;
		};
/* End PBXFrameworksBuildPhase section */

/* Begin PBXGroup section */
		98A0AD5C2DADF7DB00A0E3BD = {
			isa = PBXGroup;
			children = (
				982CB03F2DB5B4D5003C9D29 /* Shared */,
				98A0AD6D2DADF7DC00A0E3BD /* SilentCue Watch App */,
				98A0AD7E2DADF7DD00A0E3BD /* SilentCue Watch AppTests */,
				98A0AD882DADF7DD00A0E3BD /* SilentCue Watch AppUITests */,
				98A0AD642DADF7DC00A0E3BD /* Products */,
			);
			sourceTree = "<group>";
		};
		98A0AD642DADF7DC00A0E3BD /* Products */ = {
			isa = PBXGroup;
			children = (
				98A0AD692DADF7DC00A0E3BD /* SilentCue Watch App.app */,
				98A0AD7B2DADF7DD00A0E3BD /* SilentCue Watch AppTests.xctest */,
				98A0AD852DADF7DD00A0E3BD /* SilentCue Watch AppUITests.xctest */,
			);
			name = Products;
			sourceTree = "<group>";
		};
/* End PBXGroup section */

/* Begin PBXNativeTarget section */
		98A0AD682DADF7DC00A0E3BD /* SilentCue Watch App */ = {
			isa = PBXNativeTarget;
			buildConfigurationList = 98A0AD8F2DADF7DD00A0E3BD /* Build configuration list for PBXNativeTarget "SilentCue Watch App" */;
			buildPhases = (
				98A0AD652DADF7DC00A0E3BD /* Sources */,
				98A0AD662DADF7DC00A0E3BD /* Frameworks */,
				98A0AD672DADF7DC00A0E3BD /* Resources */,
			);
			buildRules = (
			);
			dependencies = (
			);
			fileSystemSynchronizedGroups = (
				982CB03F2DB5B4D5003C9D29 /* Shared */,
				98A0AD6D2DADF7DC00A0E3BD /* SilentCue Watch App */,
			);
			name = "SilentCue Watch App";
			packageProductDependencies = (
				98A0AE022DADF8FC00A0E3BD /* ComposableArchitecture */,
			);
			productName = "SilentCue Watch App";
			productReference = 98A0AD692DADF7DC00A0E3BD /* SilentCue Watch App.app */;
			productType = "com.apple.product-type.application";
		};
		98A0AD7A2DADF7DD00A0E3BD /* SilentCue Watch AppTests */ = {
			isa = PBXNativeTarget;
			buildConfigurationList = 98A0AD962DADF7DD00A0E3BD /* Build configuration list for PBXNativeTarget "SilentCue Watch AppTests" */;
			buildPhases = (
				98A0AD772DADF7DD00A0E3BD /* Sources */,
				98A0AD782DADF7DD00A0E3BD /* Frameworks */,
				98A0AD792DADF7DD00A0E3BD /* Resources */,
			);
			buildRules = (
			);
			dependencies = (
				98A0AD7D2DADF7DD00A0E3BD /* PBXTargetDependency */,
			);
			fileSystemSynchronizedGroups = (
				98A0AD7E2DADF7DD00A0E3BD /* SilentCue Watch AppTests */,
			);
			name = "SilentCue Watch AppTests";
			packageProductDependencies = (
			);
			productName = "SilentCue Watch AppTests";
			productReference = 98A0AD7B2DADF7DD00A0E3BD /* SilentCue Watch AppTests.xctest */;
			productType = "com.apple.product-type.bundle.unit-test";
		};
		98A0AD842DADF7DD00A0E3BD /* SilentCue Watch AppUITests */ = {
			isa = PBXNativeTarget;
			buildConfigurationList = 98A0AD992DADF7DD00A0E3BD /* Build configuration list for PBXNativeTarget "SilentCue Watch AppUITests" */;
			buildPhases = (
				98A0AD812DADF7DD00A0E3BD /* Sources */,
				98A0AD822DADF7DD00A0E3BD /* Frameworks */,
				98A0AD832DADF7DD00A0E3BD /* Resources */,
			);
			buildRules = (
			);
			dependencies = (
				98A0AD872DADF7DD00A0E3BD /* PBXTargetDependency */,
			);
			fileSystemSynchronizedGroups = (
				98A0AD882DADF7DD00A0E3BD /* SilentCue Watch AppUITests */,
			);
			name = "SilentCue Watch AppUITests";
			packageProductDependencies = (
			);
			productName = "SilentCue Watch AppUITests";
			productReference = 98A0AD852DADF7DD00A0E3BD /* SilentCue Watch AppUITests.xctest */;
			productType = "com.apple.product-type.bundle.ui-testing";
		};
/* End PBXNativeTarget section */

/* Begin PBXProject section */
		98A0AD5D2DADF7DB00A0E3BD /* Project object */ = {
			isa = PBXProject;
			attributes = {
				BuildIndependentTargetsInParallel = 1;
				LastSwiftUpdateCheck = 1620;
				LastUpgradeCheck = 1620;
				TargetAttributes = {
					98A0AD682DADF7DC00A0E3BD = {
						CreatedOnToolsVersion = 16.2;
					};
					98A0AD7A2DADF7DD00A0E3BD = {
						CreatedOnToolsVersion = 16.2;
						TestTargetID = 98A0AD682DADF7DC00A0E3BD;
					};
					98A0AD842DADF7DD00A0E3BD = {
						CreatedOnToolsVersion = 16.2;
						TestTargetID = 98A0AD682DADF7DC00A0E3BD;
					};
				};
			};
			buildConfigurationList = 98A0AD602DADF7DB00A0E3BD /* Build configuration list for PBXProject "SilentCue" */;
			developmentRegion = en;
			hasScannedForEncodings = 0;
			knownRegions = (
				en,
				Base,
			);
			mainGroup = 98A0AD5C2DADF7DB00A0E3BD;
			minimizedProjectReferenceProxies = 1;
			packageReferences = (
				98A0AE012DADF8FC00A0E3BD /* XCRemoteSwiftPackageReference "swift-composable-architecture" */,
			);
			preferredProjectObjectVersion = 77;
			productRefGroup = 98A0AD642DADF7DC00A0E3BD /* Products */;
			projectDirPath = "";
			projectRoot = "";
			targets = (
				98A0AD682DADF7DC00A0E3BD /* SilentCue Watch App */,
				98A0AD7A2DADF7DD00A0E3BD /* SilentCue Watch AppTests */,
				98A0AD842DADF7DD00A0E3BD /* SilentCue Watch AppUITests */,
			);
		};
/* End PBXProject section */

/* Begin PBXResourcesBuildPhase section */
		98A0AD672DADF7DC00A0E3BD /* Resources */ = {
			isa = PBXResourcesBuildPhase;
			buildActionMask = 2147483647;
			files = (
			);
			runOnlyForDeploymentPostprocessing = 0;
		};
		98A0AD792DADF7DD00A0E3BD /* Resources */ = {
			isa = PBXResourcesBuildPhase;
			buildActionMask = 2147483647;
			files = (
			);
			runOnlyForDeploymentPostprocessing = 0;
		};
		98A0AD832DADF7DD00A0E3BD /* Resources */ = {
			isa = PBXResourcesBuildPhase;
			buildActionMask = 2147483647;
			files = (
			);
			runOnlyForDeploymentPostprocessing = 0;
		};
/* End PBXResourcesBuildPhase section */

/* Begin PBXSourcesBuildPhase section */
		98A0AD652DADF7DC00A0E3BD /* Sources */ = {
			isa = PBXSourcesBuildPhase;
			buildActionMask = 2147483647;
			files = (
			);
			runOnlyForDeploymentPostprocessing = 0;
		};
		98A0AD772DADF7DD00A0E3BD /* Sources */ = {
			isa = PBXSourcesBuildPhase;
			buildActionMask = 2147483647;
			files = (
			);
			runOnlyForDeploymentPostprocessing = 0;
		};
		98A0AD812DADF7DD00A0E3BD /* Sources */ = {
			isa = PBXSourcesBuildPhase;
			buildActionMask = 2147483647;
			files = (
			);
			runOnlyForDeploymentPostprocessing = 0;
		};
/* End PBXSourcesBuildPhase section */

/* Begin PBXTargetDependency section */
		98A0AD7D2DADF7DD00A0E3BD /* PBXTargetDependency */ = {
			isa = PBXTargetDependency;
			target = 98A0AD682DADF7DC00A0E3BD /* SilentCue Watch App */;
			targetProxy = 98A0AD7C2DADF7DD00A0E3BD /* PBXContainerItemProxy */;
		};
		98A0AD872DADF7DD00A0E3BD /* PBXTargetDependency */ = {
			isa = PBXTargetDependency;
			target = 98A0AD682DADF7DC00A0E3BD /* SilentCue Watch App */;
			targetProxy = 98A0AD862DADF7DD00A0E3BD /* PBXContainerItemProxy */;
		};
/* End PBXTargetDependency section */

/* Begin XCBuildConfiguration section */
		98A0AD8D2DADF7DD00A0E3BD /* Debug */ = {
			isa = XCBuildConfiguration;
			buildSettings = {
				ALWAYS_SEARCH_USER_PATHS = NO;
				ASSETCATALOG_COMPILER_GENERATE_SWIFT_ASSET_SYMBOL_EXTENSIONS = YES;
				CLANG_ANALYZER_NONNULL = YES;
				CLANG_ANALYZER_NUMBER_OBJECT_CONVERSION = YES_AGGRESSIVE;
				CLANG_CXX_LANGUAGE_STANDARD = "gnu++20";
				CLANG_ENABLE_MODULES = YES;
				CLANG_ENABLE_OBJC_ARC = YES;
				CLANG_ENABLE_OBJC_WEAK = YES;
				CLANG_WARN_BLOCK_CAPTURE_AUTORELEASING = YES;
				CLANG_WARN_BOOL_CONVERSION = YES;
				CLANG_WARN_COMMA = YES;
				CLANG_WARN_CONSTANT_CONVERSION = YES;
				CLANG_WARN_DEPRECATED_OBJC_IMPLEMENTATIONS = YES;
				CLANG_WARN_DIRECT_OBJC_ISA_USAGE = YES_ERROR;
				CLANG_WARN_DOCUMENTATION_COMMENTS = YES;
				CLANG_WARN_EMPTY_BODY = YES;
				CLANG_WARN_ENUM_CONVERSION = YES;
				CLANG_WARN_INFINITE_RECURSION = YES;
				CLANG_WARN_INT_CONVERSION = YES;
				CLANG_WARN_NON_LITERAL_NULL_CONVERSION = YES;
				CLANG_WARN_OBJC_IMPLICIT_RETAIN_SELF = YES;
				CLANG_WARN_OBJC_LITERAL_CONVERSION = YES;
				CLANG_WARN_OBJC_ROOT_CLASS = YES_ERROR;
				CLANG_WARN_QUOTED_INCLUDE_IN_FRAMEWORK_HEADER = YES;
				CLANG_WARN_RANGE_LOOP_ANALYSIS = YES;
				CLANG_WARN_STRICT_PROTOTYPES = YES;
				CLANG_WARN_SUSPICIOUS_MOVE = YES;
				CLANG_WARN_UNGUARDED_AVAILABILITY = YES_AGGRESSIVE;
				CLANG_WARN_UNREACHABLE_CODE = YES;
				CLANG_WARN__DUPLICATE_METHOD_MATCH = YES;
				COPY_PHASE_STRIP = NO;
				DEBUG_INFORMATION_FORMAT = dwarf;
				ENABLE_STRICT_OBJC_MSGSEND = YES;
				ENABLE_TESTABILITY = YES;
				ENABLE_USER_SCRIPT_SANDBOXING = YES;
				GCC_C_LANGUAGE_STANDARD = gnu17;
				GCC_DYNAMIC_NO_PIC = NO;
				GCC_NO_COMMON_BLOCKS = YES;
				GCC_OPTIMIZATION_LEVEL = 0;
				GCC_PREPROCESSOR_DEFINITIONS = (
					"DEBUG=1",
					"$(inherited)",
				);
				GCC_WARN_64_TO_32_BIT_CONVERSION = YES;
				GCC_WARN_ABOUT_RETURN_TYPE = YES_ERROR;
				GCC_WARN_UNDECLARED_SELECTOR = YES;
				GCC_WARN_UNINITIALIZED_AUTOS = YES_AGGRESSIVE;
				GCC_WARN_UNUSED_FUNCTION = YES;
				GCC_WARN_UNUSED_VARIABLE = YES;
				LOCALIZATION_PREFERS_STRING_CATALOGS = YES;
				MTL_ENABLE_DEBUG_INFO = INCLUDE_SOURCE;
				MTL_FAST_MATH = YES;
				ONLY_ACTIVE_ARCH = YES;
				SWIFT_ACTIVE_COMPILATION_CONDITIONS = "DEBUG $(inherited)";
				SWIFT_OPTIMIZATION_LEVEL = "-Onone";
			};
			name = Debug;
		};
		98A0AD8E2DADF7DD00A0E3BD /* Release */ = {
			isa = XCBuildConfiguration;
			buildSettings = {
				ALWAYS_SEARCH_USER_PATHS = NO;
				ASSETCATALOG_COMPILER_GENERATE_SWIFT_ASSET_SYMBOL_EXTENSIONS = YES;
				CLANG_ANALYZER_NONNULL = YES;
				CLANG_ANALYZER_NUMBER_OBJECT_CONVERSION = YES_AGGRESSIVE;
				CLANG_CXX_LANGUAGE_STANDARD = "gnu++20";
				CLANG_ENABLE_MODULES = YES;
				CLANG_ENABLE_OBJC_ARC = YES;
				CLANG_ENABLE_OBJC_WEAK = YES;
				CLANG_WARN_BLOCK_CAPTURE_AUTORELEASING = YES;
				CLANG_WARN_BOOL_CONVERSION = YES;
				CLANG_WARN_COMMA = YES;
				CLANG_WARN_CONSTANT_CONVERSION = YES;
				CLANG_WARN_DEPRECATED_OBJC_IMPLEMENTATIONS = YES;
				CLANG_WARN_DIRECT_OBJC_ISA_USAGE = YES_ERROR;
				CLANG_WARN_DOCUMENTATION_COMMENTS = YES;
				CLANG_WARN_EMPTY_BODY = YES;
				CLANG_WARN_ENUM_CONVERSION = YES;
				CLANG_WARN_INFINITE_RECURSION = YES;
				CLANG_WARN_INT_CONVERSION = YES;
				CLANG_WARN_NON_LITERAL_NULL_CONVERSION = YES;
				CLANG_WARN_OBJC_IMPLICIT_RETAIN_SELF = YES;
				CLANG_WARN_OBJC_LITERAL_CONVERSION = YES;
				CLANG_WARN_OBJC_ROOT_CLASS = YES_ERROR;
				CLANG_WARN_QUOTED_INCLUDE_IN_FRAMEWORK_HEADER = YES;
				CLANG_WARN_RANGE_LOOP_ANALYSIS = YES;
				CLANG_WARN_STRICT_PROTOTYPES = YES;
				CLANG_WARN_SUSPICIOUS_MOVE = YES;
				CLANG_WARN_UNGUARDED_AVAILABILITY = YES_AGGRESSIVE;
				CLANG_WARN_UNREACHABLE_CODE = YES;
				CLANG_WARN__DUPLICATE_METHOD_MATCH = YES;
				COPY_PHASE_STRIP = NO;
				DEBUG_INFORMATION_FORMAT = "dwarf-with-dsym";
				ENABLE_NS_ASSERTIONS = NO;
				ENABLE_STRICT_OBJC_MSGSEND = YES;
				ENABLE_USER_SCRIPT_SANDBOXING = YES;
				GCC_C_LANGUAGE_STANDARD = gnu17;
				GCC_NO_COMMON_BLOCKS = YES;
				GCC_WARN_64_TO_32_BIT_CONVERSION = YES;
				GCC_WARN_ABOUT_RETURN_TYPE = YES_ERROR;
				GCC_WARN_UNDECLARED_SELECTOR = YES;
				GCC_WARN_UNINITIALIZED_AUTOS = YES_AGGRESSIVE;
				GCC_WARN_UNUSED_FUNCTION = YES;
				GCC_WARN_UNUSED_VARIABLE = YES;
				LOCALIZATION_PREFERS_STRING_CATALOGS = YES;
				MTL_ENABLE_DEBUG_INFO = NO;
				MTL_FAST_MATH = YES;
				SWIFT_COMPILATION_MODE = wholemodule;
			};
			name = Release;
		};
		98A0AD902DADF7DD00A0E3BD /* Debug */ = {
			isa = XCBuildConfiguration;
			buildSettings = {
				ASSETCATALOG_COMPILER_APPICON_NAME = AppIcon;
				ASSETCATALOG_COMPILER_GLOBAL_ACCENT_COLOR_NAME = AccentColor;
				CODE_SIGN_STYLE = Automatic;
				CURRENT_PROJECT_VERSION = 1;
				DEVELOPMENT_ASSET_PATHS = "\"SilentCue Watch App/Dependency/Preview Content\"";
				DEVELOPMENT_TEAM = 2A7R4ZP8WU;
				ENABLE_PREVIEWS = YES;
				GENERATE_INFOPLIST_FILE = YES;
				INFOPLIST_FILE = "SilentCue-Watch-App-Info.plist";
				INFOPLIST_KEY_CFBundleDisplayName = SilentCue;
				INFOPLIST_KEY_UISupportedInterfaceOrientations = "UIInterfaceOrientationPortrait UIInterfaceOrientationPortraitUpsideDown";
				INFOPLIST_KEY_WKWatchOnly = YES;
				LD_RUNPATH_SEARCH_PATHS = (
					"$(inherited)",
					"@executable_path/Frameworks",
				);
				MARKETING_VERSION = 1.0;
				PRODUCT_BUNDLE_IDENTIFIER = com.akitorahayashi.SilentCue.watchkitapp;
				PRODUCT_NAME = "$(TARGET_NAME)";
				SDKROOT = watchos;
				SKIP_INSTALL = YES;
				SWIFT_EMIT_LOC_STRINGS = YES;
				SWIFT_VERSION = 5.0;
				TARGETED_DEVICE_FAMILY = 4;
				WATCHOS_DEPLOYMENT_TARGET = 11.2;
			};
			name = Debug;
		};
		98A0AD912DADF7DD00A0E3BD /* Release */ = {
			isa = XCBuildConfiguration;
			buildSettings = {
				ASSETCATALOG_COMPILER_APPICON_NAME = AppIcon;
				ASSETCATALOG_COMPILER_GLOBAL_ACCENT_COLOR_NAME = AccentColor;
				CODE_SIGN_STYLE = Automatic;
				CURRENT_PROJECT_VERSION = 1;
				DEVELOPMENT_ASSET_PATHS = "\"SilentCue Watch App/Dependency/Preview Content\"";
				DEVELOPMENT_TEAM = 2A7R4ZP8WU;
				ENABLE_PREVIEWS = YES;
				GENERATE_INFOPLIST_FILE = YES;
				INFOPLIST_FILE = "SilentCue-Watch-App-Info.plist";
				INFOPLIST_KEY_CFBundleDisplayName = SilentCue;
				INFOPLIST_KEY_UISupportedInterfaceOrientations = "UIInterfaceOrientationPortrait UIInterfaceOrientationPortraitUpsideDown";
				INFOPLIST_KEY_WKWatchOnly = YES;
				LD_RUNPATH_SEARCH_PATHS = (
					"$(inherited)",
					"@executable_path/Frameworks",
				);
				MARKETING_VERSION = 1.0;
				PRODUCT_BUNDLE_IDENTIFIER = com.akitorahayashi.SilentCue.watchkitapp;
				PRODUCT_NAME = "$(TARGET_NAME)";
				SDKROOT = watchos;
				SKIP_INSTALL = NO;
				SWIFT_EMIT_LOC_STRINGS = YES;
				SWIFT_VERSION = 5.0;
				TARGETED_DEVICE_FAMILY = 4;
				VALIDATE_PRODUCT = YES;
				WATCHOS_DEPLOYMENT_TARGET = 11.2;
			};
			name = Release;
		};
		98A0AD972DADF7DD00A0E3BD /* Debug */ = {
			isa = XCBuildConfiguration;
			buildSettings = {
				BUNDLE_LOADER = "$(TEST_HOST)";
				CODE_SIGN_STYLE = Automatic;
				CURRENT_PROJECT_VERSION = 1;
				DEVELOPMENT_TEAM = 2A7R4ZP8WU;
				GENERATE_INFOPLIST_FILE = YES;
				MARKETING_VERSION = 1.0;
				PRODUCT_BUNDLE_IDENTIFIER = "com.akitorahayashi.SilentCue-Watch-AppTests";
				PRODUCT_NAME = "$(TARGET_NAME)";
				SDKROOT = watchos;
				SWIFT_EMIT_LOC_STRINGS = NO;
				SWIFT_VERSION = 5.0;
				TARGETED_DEVICE_FAMILY = 4;
				TEST_HOST = "$(BUILT_PRODUCTS_DIR)/SilentCue Watch App.app/$(BUNDLE_EXECUTABLE_FOLDER_PATH)/SilentCue Watch App";
				WATCHOS_DEPLOYMENT_TARGET = 11.2;
			};
			name = Debug;
		};
		98A0AD982DADF7DD00A0E3BD /* Release */ = {
			isa = XCBuildConfiguration;
			buildSettings = {
				BUNDLE_LOADER = "$(TEST_HOST)";
				CODE_SIGN_STYLE = Automatic;
				CURRENT_PROJECT_VERSION = 1;
				DEVELOPMENT_TEAM = 2A7R4ZP8WU;
				GENERATE_INFOPLIST_FILE = YES;
				MARKETING_VERSION = 1.0;
				PRODUCT_BUNDLE_IDENTIFIER = "com.akitorahayashi.SilentCue-Watch-AppTests";
				PRODUCT_NAME = "$(TARGET_NAME)";
				SDKROOT = watchos;
				SWIFT_EMIT_LOC_STRINGS = NO;
				SWIFT_VERSION = 5.0;
				TARGETED_DEVICE_FAMILY = 4;
				TEST_HOST = "$(BUILT_PRODUCTS_DIR)/SilentCue Watch App.app/$(BUNDLE_EXECUTABLE_FOLDER_PATH)/SilentCue Watch App";
				VALIDATE_PRODUCT = YES;
				WATCHOS_DEPLOYMENT_TARGET = 11.2;
			};
			name = Release;
		};
		98A0AD9A2DADF7DD00A0E3BD /* Debug */ = {
			isa = XCBuildConfiguration;
			buildSettings = {
				CODE_SIGN_STYLE = Automatic;
				CURRENT_PROJECT_VERSION = 1;
				DEVELOPMENT_TEAM = 2A7R4ZP8WU;
				GENERATE_INFOPLIST_FILE = YES;
				MARKETING_VERSION = 1.0;
				PRODUCT_BUNDLE_IDENTIFIER = "com.akitorahayashi.SilentCue-Watch-AppUITests";
				PRODUCT_NAME = "$(TARGET_NAME)";
				SDKROOT = watchos;
				SWIFT_EMIT_LOC_STRINGS = NO;
				SWIFT_VERSION = 5.0;
				TARGETED_DEVICE_FAMILY = 4;
				TEST_TARGET_NAME = "SilentCue Watch App";
				WATCHOS_DEPLOYMENT_TARGET = 11.2;
			};
			name = Debug;
		};
		98A0AD9B2DADF7DD00A0E3BD /* Release */ = {
			isa = XCBuildConfiguration;
			buildSettings = {
				CODE_SIGN_STYLE = Automatic;
				CURRENT_PROJECT_VERSION = 1;
				DEVELOPMENT_TEAM = 2A7R4ZP8WU;
				GENERATE_INFOPLIST_FILE = YES;
				MARKETING_VERSION = 1.0;
				PRODUCT_BUNDLE_IDENTIFIER = "com.akitorahayashi.SilentCue-Watch-AppUITests";
				PRODUCT_NAME = "$(TARGET_NAME)";
				SDKROOT = watchos;
				SWIFT_EMIT_LOC_STRINGS = NO;
				SWIFT_VERSION = 5.0;
				TARGETED_DEVICE_FAMILY = 4;
				TEST_TARGET_NAME = "SilentCue Watch App";
				VALIDATE_PRODUCT = YES;
				WATCHOS_DEPLOYMENT_TARGET = 11.2;
			};
			name = Release;
		};
/* End XCBuildConfiguration section */

/* Begin XCConfigurationList section */
		98A0AD602DADF7DB00A0E3BD /* Build configuration list for PBXProject "SilentCue" */ = {
			isa = XCConfigurationList;
			buildConfigurations = (
				98A0AD8D2DADF7DD00A0E3BD /* Debug */,
				98A0AD8E2DADF7DD00A0E3BD /* Release */,
			);
			defaultConfigurationIsVisible = 0;
			defaultConfigurationName = Release;
		};
		98A0AD8F2DADF7DD00A0E3BD /* Build configuration list for PBXNativeTarget "SilentCue Watch App" */ = {
			isa = XCConfigurationList;
			buildConfigurations = (
				98A0AD902DADF7DD00A0E3BD /* Debug */,
				98A0AD912DADF7DD00A0E3BD /* Release */,
			);
			defaultConfigurationIsVisible = 0;
			defaultConfigurationName = Release;
		};
		98A0AD962DADF7DD00A0E3BD /* Build configuration list for PBXNativeTarget "SilentCue Watch AppTests" */ = {
			isa = XCConfigurationList;
			buildConfigurations = (
				98A0AD972DADF7DD00A0E3BD /* Debug */,
				98A0AD982DADF7DD00A0E3BD /* Release */,
			);
			defaultConfigurationIsVisible = 0;
			defaultConfigurationName = Release;
		};
		98A0AD992DADF7DD00A0E3BD /* Build configuration list for PBXNativeTarget "SilentCue Watch AppUITests" */ = {
			isa = XCConfigurationList;
			buildConfigurations = (
				98A0AD9A2DADF7DD00A0E3BD /* Debug */,
				98A0AD9B2DADF7DD00A0E3BD /* Release */,
			);
			defaultConfigurationIsVisible = 0;
			defaultConfigurationName = Release;
		};
/* End XCConfigurationList section */

/* Begin XCRemoteSwiftPackageReference section */
		98A0AE012DADF8FC00A0E3BD /* XCRemoteSwiftPackageReference "swift-composable-architecture" */ = {
			isa = XCRemoteSwiftPackageReference;
			repositoryURL = "https://github.com/pointfreeco/swift-composable-architecture";
			requirement = {
				kind = upToNextMajorVersion;
				minimumVersion = 1.8.1;
			};
		};
/* End XCRemoteSwiftPackageReference section */

/* Begin XCSwiftPackageProductDependency section */
		98A0AE022DADF8FC00A0E3BD /* ComposableArchitecture */ = {
			isa = XCSwiftPackageProductDependency;
			package = 98A0AE012DADF8FC00A0E3BD /* XCRemoteSwiftPackageReference "swift-composable-architecture" */;
			productName = ComposableArchitecture;
		};
/* End XCSwiftPackageProductDependency section */
	};
	rootObject = 98A0AD5D2DADF7DB00A0E3BD /* Project object */;
}
